#####################
#Hiding some sensors#
#icon/naming others #
#####################

sensor.boys_alarm_clock_hour:
  hidden: true
sensor.boys_alarm_clock_minute:
  hidden: true
sensor.boys_alarm_clock_time_long:
  hidden: true
sensor.masterbed_alarm_clock_hour:
  hidden: true
sensor.masterbed_alarm_clock_minute:
  hidden: true
sensor.masterbed_alarm_clock_time_long:
  hidden: true
sensor.living_alarm_clock_hour:
  hidden: true
sensor.living_alarm_clock_minute:
  hidden: true
sensor.living_alarm_clock_time_long:
  hidden: true

sensor.boys_alarm_clock_time:
  friendly_name: 'Alarm Time'
  icon: mdi:alarm
sensor.masterbed_alarm_clock_time:
  friendly_name: 'Alarm Time'
  icon: mdi:alarm
sensor.living_alarm_clock_time:
  friendly_name: 'Alarm Time'
  icon: mdi:alarm

sensor.timer_minutes:
  hidden: true