#############################
#An alarm clock feature that#
#flashes living room lights #
#############################

input_number: !include all_alarm_clock/all_input_number.yaml
sensor: !include all_alarm_clock/all_sensor.yaml
group: !include all_alarm_clock/all_group.yaml
script: !include all_alarm_clock/all_script.yaml
homeassistant:
  customize: !include all_alarm_clock/all_customize.yaml