#############################
#An alarm clock feature that#
#flashes boys room lights   #
#############################

input_number: !include boys_alarm_clock/boys_input_number.yaml
input_boolean: !include boys_alarm_clock/boys_input_boolean.yaml
sensor: !include boys_alarm_clock/boys_sensor.yaml
group: !include boys_alarm_clock/boys_group.yaml
script: !include boys_alarm_clock/boys_script.yaml
automation: !include boys_alarm_clock/boys_automation.yaml
homeassistant:
  customize: !include boys_alarm_clock/boys_customize.yaml