########################################################################
#                                                                      #
# This package creates an alarm clock which:                           #
# - allows you to select what music plays when it goes off             #
# - allows to select if one time alarm, or repeating                   #
#                                                                      #
#                                                                      #
#         ******This one is for the Living Room so******               #
#         ******  doesn't worry about the lights  ******               #
#                                                                      #
#  DEPENDS ON: Occupancy                                               #
#                                                                      #
########################################################################


input_datetime:
  downstairs_alarm_clock_time:
    name: Alarm Time
    has_date: false
    has_time: true
    initial: '07:30'


input_boolean:
  downstairs_alarm_clock_status:
    name: Activate Alarm
    icon: mdi:alarm-check

  downstairs_alarm_clock_repeat:
    name: Repeat?
    icon: mdi:autorenew


group:
  downstairs_alarm_clock:
    control: hidden
    name: 'Alarm Clock'
    entities:
      - input_boolean.downstairs_alarm_clock_status
      - input_datetime.downstairs_alarm_clock_time
      - input_boolean.downstairs_alarm_clock_repeat


automation:
  alias: Alarm clock - Downstairs
  initial_state: on
  trigger:
    platform: template
    value_template: "{{ states('sensor.time') == (states.input_datetime.downstairs_alarm_clock_time.attributes.timestamp | int | timestamp_custom('%H:%M', False)) }}"
  condition:
    - condition: state
      entity_id: group.phone_trackers
      state: 'home'
    - condition: state
      entity_id: input_boolean.downstairs_alarm_clock_status
      state: 'on'
  action:
    - service: script.downstairs_wake_up
    - condition: state
      entity_id: input_boolean.downstairs_alarm_clock_repeat
      state: 'off'
    - service: homeassistant.turn_off
      entity_id: input_boolean.downstairs_alarm_clock_status


script:
  downstairs_wake_up:
    sequence:
      - service: media_player.volume_set
        data:
          entity_id: media_player.downstairs
          volume_level: '0.20'
      - service: media_player.volume_mute
        data:
          entity_id: media_player.downstairs
          is_volume_muted: false
      - service: media_player.play_media
        data_template:
          entity_id: media_player.downstairs
          media_content_id: http://tx.whatson.com/http_live_bauer.php?i=freecoventry.aac&awparams=loggedin:false&amsparams=playerid:BMUK_tunein
          media_content_type: 'audio/mp4'
